
Microsoft Visual Studio Solution File, Format Version 12.00
# Visual Studio Version 16
VisualStudioVersion = 16.0.31205.134
MinimumVisualStudioVersion = 10.0.40219.1
Project("{FAE04EC0-301F-11D3-BF4B-00C04F79EFBC}") = "matrix_operators", "matrix_operators\matrix_operators.csproj", "{D801E276-6B7A-4C2A-9572-5ECC26A839AD}"
EndProject
Global
	GlobalSection(SolutionConfigurationPlatforms) = preSolution
		Debug|Any CPU = Debug|Any CPU
		Release|Any CPU = Release|Any CPU
	EndGlobalSection
	GlobalSection(ProjectConfigurationPlatforms) = postSolution
		{D801E276-6B7A-4C2A-9572-5ECC26A839AD}.Debug|Any CPU.ActiveCfg = Debug|Any CPU
		{D801E276-6B7A-4C2A-9572-5ECC26A839AD}.Debug|Any CPU.Build.0 = Debug|Any CPU
		{D801E276-6B7A-4C2A-9572-5ECC26A839AD}.Release|Any CPU.ActiveCfg = Release|Any CPU
		{D801E276-6B7A-4C2A-9572-5ECC26A839AD}.Release|Any CPU.Build.0 = Release|Any CPU
	EndGlobalSection
	GlobalSection(SolutionProperties) = preSolution
		HideSolutionNode = FALSE
	EndGlobalSection
	GlobalSection(ExtensibilityGlobals) = postSolution
		SolutionGuid = {1EF9C1F5-9538-49D2-8A41-6638F4EEC1F1}
	EndGlobalSection
EndGlobal
